// !$*UTF8*$!
{
	archiveVersion = 1;
	classes = {
	};
	objectVersion = 56;
	objects = {

/* Begin PBXBuildFile section */
		A916062D2C36386100A2740E /* mockLaunches.json in Resources */ = {isa = PBXBuildFile; fileRef = A916062C2C36386100A2740E /* mockLaunches.json */; };
		A916062E2C36386100A2740E /* mockLaunches.json in Resources */ = {isa = PBXBuildFile; fileRef = A916062C2C36386100A2740E /* mockLaunches.json */; };
		FC349A672AF0ACD100278E0A /* LL2Model.swift in Sources */ = {isa = PBXBuildFile; fileRef = FC349A612AF0A4A500278E0A /* LL2Model.swift */; };
		FC349A682AF0ACD100278E0A /* LL2Model.swift in Sources */ = {isa = PBXBuildFile; fileRef = FC349A612AF0A4A500278E0A /* LL2Model.swift */; };
		FC7EA8AB2ADE19990072BB8F /* T_MinusApp.swift in Sources */ = {isa = PBXBuildFile; fileRef = FC7EA8AA2ADE19990072BB8F /* T_MinusApp.swift */; };
		FC7EA8AD2ADE19990072BB8F /* ContentView.swift in Sources */ = {isa = PBXBuildFile; fileRef = FC7EA8AC2ADE19990072BB8F /* ContentView.swift */; };
		FC7EA8AF2ADE199C0072BB8F /* Assets.xcassets in Resources */ = {isa = PBXBuildFile; fileRef = FC7EA8AE2ADE199C0072BB8F /* Assets.xcassets */; };
		FC7EA8B22ADE199C0072BB8F /* Preview Assets.xcassets in Resources */ = {isa = PBXBuildFile; fileRef = FC7EA8B12ADE199C0072BB8F /* Preview Assets.xcassets */; };
		FC7EA8BF2ADE23640072BB8F /* WidgetKit.framework in Frameworks */ = {isa = PBXBuildFile; fileRef = FC7EA8BE2ADE23630072BB8F /* WidgetKit.framework */; };
		FC7EA8C12ADE23640072BB8F /* SwiftUI.framework in Frameworks */ = {isa = PBXBuildFile; fileRef = FC7EA8C02ADE23640072BB8F /* SwiftUI.framework */; };
		FC7EA8C42ADE23640072BB8F /* T_Minus_WidgetBundle.swift in Sources */ = {isa = PBXBuildFile; fileRef = FC7EA8C32ADE23640072BB8F /* T_Minus_WidgetBundle.swift */; };
		FC7EA8C62ADE23640072BB8F /* T_Minus_WidgetLiveActivity.swift in Sources */ = {isa = PBXBuildFile; fileRef = FC7EA8C52ADE23640072BB8F /* T_Minus_WidgetLiveActivity.swift */; };
		FC7EA8C82ADE23640072BB8F /* T_Minus_Widget.swift in Sources */ = {isa = PBXBuildFile; fileRef = FC7EA8C72ADE23640072BB8F /* T_Minus_Widget.swift */; };
		FC7EA8CA2ADE23640072BB8F /* AppIntent.swift in Sources */ = {isa = PBXBuildFile; fileRef = FC7EA8C92ADE23640072BB8F /* AppIntent.swift */; };
		FC7EA8CC2ADE23670072BB8F /* Assets.xcassets in Resources */ = {isa = PBXBuildFile; fileRef = FC7EA8CB2ADE23670072BB8F /* Assets.xcassets */; };
		FC7EA8D02ADE23670072BB8F /* T Minus Widget.appex in Embed Foundation Extensions */ = {isa = PBXBuildFile; fileRef = FC7EA8BC2ADE23630072BB8F /* T Minus Widget.appex */; settings = {ATTRIBUTES = (RemoveHeadersOnCopy, ); }; };
/* End PBXBuildFile section */

/* Begin PBXContainerItemProxy section */
		FC7EA8CE2ADE23670072BB8F /* PBXContainerItemProxy */ = {
			isa = PBXContainerItemProxy;
			containerPortal = FC7EA89F2ADE19990072BB8F /* Project object */;
			proxyType = 1;
			remoteGlobalIDString = FC7EA8BB2ADE23630072BB8F;
			remoteInfo = "T Minus WidgetExtension";
		};
/* End PBXContainerItemProxy section */

/* Begin PBXCopyFilesBuildPhase section */
		FC7EA8D42ADE23670072BB8F /* Embed Foundation Extensions */ = {
			isa = PBXCopyFilesBuildPhase;
			buildActionMask = 2147483647;
			dstPath = "";
			dstSubfolderSpec = 13;
			files = (
				FC7EA8D02ADE23670072BB8F /* T Minus Widget.appex in Embed Foundation Extensions */,
			);
			name = "Embed Foundation Extensions";
			runOnlyForDeploymentPostprocessing = 0;
		};
/* End PBXCopyFilesBuildPhase section */

/* Begin PBXFileReference section */
		A916062C2C36386100A2740E /* mockLaunches.json */ = {isa = PBXFileReference; fileEncoding = 4; lastKnownFileType = text.json; path = mockLaunches.json; sourceTree = "<group>"; };
		FC349A612AF0A4A500278E0A /* LL2Model.swift */ = {isa = PBXFileReference; lastKnownFileType = sourcecode.swift; path = LL2Model.swift; sourceTree = "<group>"; };
		FC7EA8A72ADE19990072BB8F /* T Minus.app */ = {isa = PBXFileReference; explicitFileType = wrapper.application; includeInIndex = 0; path = "T Minus.app"; sourceTree = BUILT_PRODUCTS_DIR; };
		FC7EA8AA2ADE19990072BB8F /* T_MinusApp.swift */ = {isa = PBXFileReference; lastKnownFileType = sourcecode.swift; path = T_MinusApp.swift; sourceTree = "<group>"; };
		FC7EA8AC2ADE19990072BB8F /* ContentView.swift */ = {isa = PBXFileReference; lastKnownFileType = sourcecode.swift; path = ContentView.swift; sourceTree = "<group>"; };
		FC7EA8AE2ADE199C0072BB8F /* Assets.xcassets */ = {isa = PBXFileReference; lastKnownFileType = folder.assetcatalog; path = Assets.xcassets; sourceTree = "<group>"; };
		FC7EA8B12ADE199C0072BB8F /* Preview Assets.xcassets */ = {isa = PBXFileReference; lastKnownFileType = folder.assetcatalog; path = "Preview Assets.xcassets"; sourceTree = "<group>"; };
		FC7EA8BC2ADE23630072BB8F /* T Minus Widget.appex */ = {isa = PBXFileReference; explicitFileType = "wrapper.app-extension"; includeInIndex = 0; path = "T Minus Widget.appex"; sourceTree = BUILT_PRODUCTS_DIR; };
		FC7EA8BE2ADE23630072BB8F /* WidgetKit.framework */ = {isa = PBXFileReference; lastKnownFileType = wrapper.framework; name = WidgetKit.framework; path = System/Library/Frameworks/WidgetKit.framework; sourceTree = SDKROOT; };
		FC7EA8C02ADE23640072BB8F /* SwiftUI.framework */ = {isa = PBXFileReference; lastKnownFileType = wrapper.framework; name = SwiftUI.framework; path = System/Library/Frameworks/SwiftUI.framework; sourceTree = SDKROOT; };
		FC7EA8C32ADE23640072BB8F /* T_Minus_WidgetBundle.swift */ = {isa = PBXFileReference; lastKnownFileType = sourcecode.swift; path = T_Minus_WidgetBundle.swift; sourceTree = "<group>"; };
		FC7EA8C52ADE23640072BB8F /* T_Minus_WidgetLiveActivity.swift */ = {isa = PBXFileReference; lastKnownFileType = sourcecode.swift; path = T_Minus_WidgetLiveActivity.swift; sourceTree = "<group>"; };
		FC7EA8C72ADE23640072BB8F /* T_Minus_Widget.swift */ = {isa = PBXFileReference; lastKnownFileType = sourcecode.swift; path = T_Minus_Widget.swift; sourceTree = "<group>"; };
		FC7EA8C92ADE23640072BB8F /* AppIntent.swift */ = {isa = PBXFileReference; lastKnownFileType = sourcecode.swift; path = AppIntent.swift; sourceTree = "<group>"; };
		FC7EA8CB2ADE23670072BB8F /* Assets.xcassets */ = {isa = PBXFileReference; lastKnownFileType = folder.assetcatalog; path = Assets.xcassets; sourceTree = "<group>"; };
		FC7EA8CD2ADE23670072BB8F /* Info.plist */ = {isa = PBXFileReference; lastKnownFileType = text.plist.xml; path = Info.plist; sourceTree = "<group>"; };
		FC8B49EF2AE5E47E00C1B17A /* README.md */ = {isa = PBXFileReference; lastKnownFileType = net.daringfireball.markdown; path = README.md; sourceTree = "<group>"; };
/* End PBXFileReference section */

/* Begin PBXFrameworksBuildPhase section */
		FC7EA8A42ADE19990072BB8F /* Frameworks */ = {
			isa = PBXFrameworksBuildPhase;
			buildActionMask = 2147483647;
			files = (
			);
			runOnlyForDeploymentPostprocessing = 0;
		};
		FC7EA8B92ADE23630072BB8F /* Frameworks */ = {
			isa = PBXFrameworksBuildPhase;
			buildActionMask = 2147483647;
			files = (
				FC7EA8C12ADE23640072BB8F /* SwiftUI.framework in Frameworks */,
				FC7EA8BF2ADE23640072BB8F /* WidgetKit.framework in Frameworks */,
			);
			runOnlyForDeploymentPostprocessing = 0;
		};
/* End PBXFrameworksBuildPhase section */

/* Begin PBXGroup section */
		FC12E7AE2AF8A5B80069C6E2 /* Models */ = {
			isa = PBXGroup;
			children = (
				FC349A612AF0A4A500278E0A /* LL2Model.swift */,
			);
			path = Models;
			sourceTree = "<group>";
		};
		FC62898C2AF732E300825A03 /* Views */ = {
			isa = PBXGroup;
			children = (
			);
			path = Views;
			sourceTree = "<group>";
		};
		FC7EA89E2ADE19990072BB8F = {
			isa = PBXGroup;
			children = (
				A916062C2C36386100A2740E /* mockLaunches.json */,
				FC8B49EF2AE5E47E00C1B17A /* README.md */,
				FC7EA8A92ADE19990072BB8F /* T Minus */,
				FC7EA8C22ADE23640072BB8F /* T Minus Widget */,
				FC7EA8BD2ADE23630072BB8F /* Frameworks */,
				FC7EA8A82ADE19990072BB8F /* Products */,
			);
			sourceTree = "<group>";
		};
		FC7EA8A82ADE19990072BB8F /* Products */ = {
			isa = PBXGroup;
			children = (
				FC7EA8A72ADE19990072BB8F /* T Minus.app */,
				FC7EA8BC2ADE23630072BB8F /* T Minus Widget.appex */,
			);
			name = Products;
			sourceTree = "<group>";
		};
		FC7EA8A92ADE19990072BB8F /* T Minus */ = {
			isa = PBXGroup;
			children = (
				FC7EA8AA2ADE19990072BB8F /* T_MinusApp.swift */,
				FC12E7AE2AF8A5B80069C6E2 /* Models */,
				FC62898C2AF732E300825A03 /* Views */,
				FC7EA8AC2ADE19990072BB8F /* ContentView.swift */,
				FC7EA8AE2ADE199C0072BB8F /* Assets.xcassets */,
				FC7EA8B02ADE199C0072BB8F /* Preview Content */,
			);
			path = "T Minus";
			sourceTree = "<group>";
		};
		FC7EA8B02ADE199C0072BB8F /* Preview Content */ = {
			isa = PBXGroup;
			children = (
				FC7EA8B12ADE199C0072BB8F /* Preview Assets.xcassets */,
			);
			path = "Preview Content";
			sourceTree = "<group>";
		};
		FC7EA8BD2ADE23630072BB8F /* Frameworks */ = {
			isa = PBXGroup;
			children = (
				FC7EA8BE2ADE23630072BB8F /* WidgetKit.framework */,
				FC7EA8C02ADE23640072BB8F /* SwiftUI.framework */,
			);
			name = Frameworks;
			sourceTree = "<group>";
		};
		FC7EA8C22ADE23640072BB8F /* T Minus Widget */ = {
			isa = PBXGroup;
			children = (
				FC7EA8C32ADE23640072BB8F /* T_Minus_WidgetBundle.swift */,
				FC7EA8C52ADE23640072BB8F /* T_Minus_WidgetLiveActivity.swift */,
				FC7EA8C72ADE23640072BB8F /* T_Minus_Widget.swift */,
				FC7EA8C92ADE23640072BB8F /* AppIntent.swift */,
				FC7EA8CB2ADE23670072BB8F /* Assets.xcassets */,
				FC7EA8CD2ADE23670072BB8F /* Info.plist */,
			);
			path = "T Minus Widget";
			sourceTree = "<group>";
		};
/* End PBXGroup section */

/* Begin PBXNativeTarget section */
		FC7EA8A62ADE19990072BB8F /* T Minus */ = {
			isa = PBXNativeTarget;
			buildConfigurationList = FC7EA8B52ADE199C0072BB8F /* Build configuration list for PBXNativeTarget "T Minus" */;
			buildPhases = (
				FC7EA8A32ADE19990072BB8F /* Sources */,
				FC7EA8A42ADE19990072BB8F /* Frameworks */,
				FC7EA8A52ADE19990072BB8F /* Resources */,
				FC7EA8D42ADE23670072BB8F /* Embed Foundation Extensions */,
			);
			buildRules = (
			);
			dependencies = (
				FC7EA8CF2ADE23670072BB8F /* PBXTargetDependency */,
			);
			name = "T Minus";
			productName = "T Minus";
			productReference = FC7EA8A72ADE19990072BB8F /* T Minus.app */;
			productType = "com.apple.product-type.application";
		};
		FC7EA8BB2ADE23630072BB8F /* T Minus Widget */ = {
			isa = PBXNativeTarget;
			buildConfigurationList = FC7EA8D12ADE23670072BB8F /* Build configuration list for PBXNativeTarget "T Minus Widget" */;
			buildPhases = (
				FC7EA8B82ADE23630072BB8F /* Sources */,
				FC7EA8B92ADE23630072BB8F /* Frameworks */,
				FC7EA8BA2ADE23630072BB8F /* Resources */,
			);
			buildRules = (
			);
			dependencies = (
			);
			name = "T Minus Widget";
			productName = "T Minus WidgetExtension";
			productReference = FC7EA8BC2ADE23630072BB8F /* T Minus Widget.appex */;
			productType = "com.apple.product-type.app-extension";
		};
/* End PBXNativeTarget section */

/* Begin PBXProject section */
		FC7EA89F2ADE19990072BB8F /* Project object */ = {
			isa = PBXProject;
			attributes = {
				BuildIndependentTargetsInParallel = 1;
				LastSwiftUpdateCheck = 1500;
				LastUpgradeCheck = 1500;
				TargetAttributes = {
					FC7EA8A62ADE19990072BB8F = {
						CreatedOnToolsVersion = 15.0;
					};
					FC7EA8BB2ADE23630072BB8F = {
						CreatedOnToolsVersion = 15.0;
					};
				};
			};
			buildConfigurationList = FC7EA8A22ADE19990072BB8F /* Build configuration list for PBXProject "T Minus" */;
			compatibilityVersion = "Xcode 14.0";
			developmentRegion = en;
			hasScannedForEncodings = 0;
			knownRegions = (
				en,
				Base,
			);
			mainGroup = FC7EA89E2ADE19990072BB8F;
			productRefGroup = FC7EA8A82ADE19990072BB8F /* Products */;
			projectDirPath = "";
			projectRoot = "";
			targets = (
				FC7EA8A62ADE19990072BB8F /* T Minus */,
				FC7EA8BB2ADE23630072BB8F /* T Minus Widget */,
			);
		};
/* End PBXProject section */

/* Begin PBXResourcesBuildPhase section */
		FC7EA8A52ADE19990072BB8F /* Resources */ = {
			isa = PBXResourcesBuildPhase;
			buildActionMask = 2147483647;
			files = (
				FC7EA8B22ADE199C0072BB8F /* Preview Assets.xcassets in Resources */,
				A916062D2C36386100A2740E /* mockLaunches.json in Resources */,
				FC7EA8AF2ADE199C0072BB8F /* Assets.xcassets in Resources */,
			);
			runOnlyForDeploymentPostprocessing = 0;
		};
		FC7EA8BA2ADE23630072BB8F /* Resources */ = {
			isa = PBXResourcesBuildPhase;
			buildActionMask = 2147483647;
			files = (
				A916062E2C36386100A2740E /* mockLaunches.json in Resources */,
				FC7EA8CC2ADE23670072BB8F /* Assets.xcassets in Resources */,
			);
			runOnlyForDeploymentPostprocessing = 0;
		};
/* End PBXResourcesBuildPhase section */

/* Begin PBXSourcesBuildPhase section */
		FC7EA8A32ADE19990072BB8F /* Sources */ = {
			isa = PBXSourcesBuildPhase;
			buildActionMask = 2147483647;
			files = (
				FC7EA8AD2ADE19990072BB8F /* ContentView.swift in Sources */,
				FC349A672AF0ACD100278E0A /* LL2Model.swift in Sources */,
				FC7EA8AB2ADE19990072BB8F /* T_MinusApp.swift in Sources */,
			);
			runOnlyForDeploymentPostprocessing = 0;
		};
		FC7EA8B82ADE23630072BB8F /* Sources */ = {
			isa = PBXSourcesBuildPhase;
			buildActionMask = 2147483647;
			files = (
				FC7EA8C82ADE23640072BB8F /* T_Minus_Widget.swift in Sources */,
				FC349A682AF0ACD100278E0A /* LL2Model.swift in Sources */,
				FC7EA8CA2ADE23640072BB8F /* AppIntent.swift in Sources */,
				FC7EA8C42ADE23640072BB8F /* T_Minus_WidgetBundle.swift in Sources */,
				FC7EA8C62ADE23640072BB8F /* T_Minus_WidgetLiveActivity.swift in Sources */,
			);
			runOnlyForDeploymentPostprocessing = 0;
		};
/* End PBXSourcesBuildPhase section */

/* Begin PBXTargetDependency section */
		FC7EA8CF2ADE23670072BB8F /* PBXTargetDependency */ = {
			isa = PBXTargetDependency;
			target = FC7EA8BB2ADE23630072BB8F /* T Minus Widget */;
			targetProxy = FC7EA8CE2ADE23670072BB8F /* PBXContainerItemProxy */;
		};
/* End PBXTargetDependency section */

/* Begin XCBuildConfiguration section */
		FC7EA8B32ADE199C0072BB8F /* Debug */ = {
			isa = XCBuildConfiguration;
			buildSettings = {
				ALWAYS_SEARCH_USER_PATHS = NO;
				ASSETCATALOG_COMPILER_GENERATE_SWIFT_ASSET_SYMBOL_EXTENSIONS = YES;
				CLANG_ANALYZER_NONNULL = YES;
				CLANG_ANALYZER_NUMBER_OBJECT_CONVERSION = YES_AGGRESSIVE;
				CLANG_CXX_LANGUAGE_STANDARD = "gnu++20";
				CLANG_ENABLE_MODULES = YES;
				CLANG_ENABLE_OBJC_ARC = YES;
				CLANG_ENABLE_OBJC_WEAK = YES;
				CLANG_WARN_BLOCK_CAPTURE_AUTORELEASING = YES;
				CLANG_WARN_BOOL_CONVERSION = YES;
				CLANG_WARN_COMMA = YES;
				CLANG_WARN_CONSTANT_CONVERSION = YES;
				CLANG_WARN_DEPRECATED_OBJC_IMPLEMENTATIONS = YES;
				CLANG_WARN_DIRECT_OBJC_ISA_USAGE = YES_ERROR;
				CLANG_WARN_DOCUMENTATION_COMMENTS = YES;
				CLANG_WARN_EMPTY_BODY = YES;
				CLANG_WARN_ENUM_CONVERSION = YES;
				CLANG_WARN_INFINITE_RECURSION = YES;
				CLANG_WARN_INT_CONVERSION = YES;
				CLANG_WARN_NON_LITERAL_NULL_CONVERSION = YES;
				CLANG_WARN_OBJC_IMPLICIT_RETAIN_SELF = YES;
				CLANG_WARN_OBJC_LITERAL_CONVERSION = YES;
				CLANG_WARN_OBJC_ROOT_CLASS = YES_ERROR;
				CLANG_WARN_QUOTED_INCLUDE_IN_FRAMEWORK_HEADER = YES;
				CLANG_WARN_RANGE_LOOP_ANALYSIS = YES;
				CLANG_WARN_STRICT_PROTOTYPES = YES;
				CLANG_WARN_SUSPICIOUS_MOVE = YES;
				CLANG_WARN_UNGUARDED_AVAILABILITY = YES_AGGRESSIVE;
				CLANG_WARN_UNREACHABLE_CODE = YES;
				CLANG_WARN__DUPLICATE_METHOD_MATCH = YES;
				COPY_PHASE_STRIP = NO;
				DEBUG_INFORMATION_FORMAT = dwarf;
				ENABLE_STRICT_OBJC_MSGSEND = YES;
				ENABLE_TESTABILITY = YES;
				ENABLE_USER_SCRIPT_SANDBOXING = YES;
				GCC_C_LANGUAGE_STANDARD = gnu17;
				GCC_DYNAMIC_NO_PIC = NO;
				GCC_NO_COMMON_BLOCKS = YES;
				GCC_OPTIMIZATION_LEVEL = 0;
				GCC_PREPROCESSOR_DEFINITIONS = (
					"DEBUG=1",
					"$(inherited)",
				);
				GCC_WARN_64_TO_32_BIT_CONVERSION = YES;
				GCC_WARN_ABOUT_RETURN_TYPE = YES_ERROR;
				GCC_WARN_UNDECLARED_SELECTOR = YES;
				GCC_WARN_UNINITIALIZED_AUTOS = YES_AGGRESSIVE;
				GCC_WARN_UNUSED_FUNCTION = YES;
				GCC_WARN_UNUSED_VARIABLE = YES;
				IPHONEOS_DEPLOYMENT_TARGET = 17.0;
				LOCALIZATION_PREFERS_STRING_CATALOGS = YES;
				MTL_ENABLE_DEBUG_INFO = INCLUDE_SOURCE;
				MTL_FAST_MATH = YES;
				ONLY_ACTIVE_ARCH = YES;
				SDKROOT = iphoneos;
				SWIFT_ACTIVE_COMPILATION_CONDITIONS = "DEBUG $(inherited)";
				SWIFT_OPTIMIZATION_LEVEL = "-Onone";
			};
			name = Debug;
		};
		FC7EA8B42ADE199C0072BB8F /* Release */ = {
			isa = XCBuildConfiguration;
			buildSettings = {
				ALWAYS_SEARCH_USER_PATHS = NO;
				ASSETCATALOG_COMPILER_GENERATE_SWIFT_ASSET_SYMBOL_EXTENSIONS = YES;
				CLANG_ANALYZER_NONNULL = YES;
				CLANG_ANALYZER_NUMBER_OBJECT_CONVERSION = YES_AGGRESSIVE;
				CLANG_CXX_LANGUAGE_STANDARD = "gnu++20";
				CLANG_ENABLE_MODULES = YES;
				CLANG_ENABLE_OBJC_ARC = YES;
				CLANG_ENABLE_OBJC_WEAK = YES;
				CLANG_WARN_BLOCK_CAPTURE_AUTORELEASING = YES;
				CLANG_WARN_BOOL_CONVERSION = YES;
				CLANG_WARN_COMMA = YES;
				CLANG_WARN_CONSTANT_CONVERSION = YES;
				CLANG_WARN_DEPRECATED_OBJC_IMPLEMENTATIONS = YES;
				CLANG_WARN_DIRECT_OBJC_ISA_USAGE = YES_ERROR;
				CLANG_WARN_DOCUMENTATION_COMMENTS = YES;
				CLANG_WARN_EMPTY_BODY = YES;
				CLANG_WARN_ENUM_CONVERSION = YES;
				CLANG_WARN_INFINITE_RECURSION = YES;
				CLANG_WARN_INT_CONVERSION = YES;
				CLANG_WARN_NON_LITERAL_NULL_CONVERSION = YES;
				CLANG_WARN_OBJC_IMPLICIT_RETAIN_SELF = YES;
				CLANG_WARN_OBJC_LITERAL_CONVERSION = YES;
				CLANG_WARN_OBJC_ROOT_CLASS = YES_ERROR;
				CLANG_WARN_QUOTED_INCLUDE_IN_FRAMEWORK_HEADER = YES;
				CLANG_WARN_RANGE_LOOP_ANALYSIS = YES;
				CLANG_WARN_STRICT_PROTOTYPES = YES;
				CLANG_WARN_SUSPICIOUS_MOVE = YES;
				CLANG_WARN_UNGUARDED_AVAILABILITY = YES_AGGRESSIVE;
				CLANG_WARN_UNREACHABLE_CODE = YES;
				CLANG_WARN__DUPLICATE_METHOD_MATCH = YES;
				COPY_PHASE_STRIP = NO;
				DEBUG_INFORMATION_FORMAT = "dwarf-with-dsym";
				ENABLE_NS_ASSERTIONS = NO;
				ENABLE_STRICT_OBJC_MSGSEND = YES;
				ENABLE_USER_SCRIPT_SANDBOXING = YES;
				GCC_C_LANGUAGE_STANDARD = gnu17;
				GCC_NO_COMMON_BLOCKS = YES;
				GCC_WARN_64_TO_32_BIT_CONVERSION = YES;
				GCC_WARN_ABOUT_RETURN_TYPE = YES_ERROR;
				GCC_WARN_UNDECLARED_SELECTOR = YES;
				GCC_WARN_UNINITIALIZED_AUTOS = YES_AGGRESSIVE;
				GCC_WARN_UNUSED_FUNCTION = YES;
				GCC_WARN_UNUSED_VARIABLE = YES;
				IPHONEOS_DEPLOYMENT_TARGET = 17.0;
				LOCALIZATION_PREFERS_STRING_CATALOGS = YES;
				MTL_ENABLE_DEBUG_INFO = NO;
				MTL_FAST_MATH = YES;
				SDKROOT = iphoneos;
				SWIFT_COMPILATION_MODE = wholemodule;
				VALIDATE_PRODUCT = YES;
			};
			name = Release;
		};
		FC7EA8B62ADE199C0072BB8F /* Debug */ = {
			isa = XCBuildConfiguration;
			buildSettings = {
				ALWAYS_EMBED_SWIFT_STANDARD_LIBRARIES = YES;
				ASSETCATALOG_COMPILER_APPICON_NAME = AppIcon;
				ASSETCATALOG_COMPILER_GLOBAL_ACCENT_COLOR_NAME = AccentColor;
				CODE_SIGN_STYLE = Automatic;
				CURRENT_PROJECT_VERSION = 1;
				DEVELOPMENT_ASSET_PATHS = "\"T Minus/Preview Content\"";
				DEVELOPMENT_TEAM = QCYB8YLNNQ;
				ENABLE_PREVIEWS = YES;
				GENERATE_INFOPLIST_FILE = YES;
				INFOPLIST_KEY_UIApplicationSceneManifest_Generation = YES;
				INFOPLIST_KEY_UIApplicationSupportsIndirectInputEvents = YES;
				INFOPLIST_KEY_UILaunchScreen_Generation = YES;
				INFOPLIST_KEY_UISupportedInterfaceOrientations_iPad = "UIInterfaceOrientationPortrait UIInterfaceOrientationPortraitUpsideDown UIInterfaceOrientationLandscapeLeft UIInterfaceOrientationLandscapeRight";
				INFOPLIST_KEY_UISupportedInterfaceOrientations_iPhone = "UIInterfaceOrientationPortrait UIInterfaceOrientationLandscapeLeft UIInterfaceOrientationLandscapeRight";
				LD_RUNPATH_SEARCH_PATHS = (
					"$(inherited)",
					"@executable_path/Frameworks",
				);
				MARKETING_VERSION = 1.0;
				PRODUCT_BUNDLE_IDENTIFIER = "com.dhawley.T-Minus";
				PRODUCT_NAME = "$(TARGET_NAME)";
				SWIFT_EMIT_LOC_STRINGS = YES;
				SWIFT_VERSION = 5.0;
				TARGETED_DEVICE_FAMILY = "1,2";
			};
			name = Debug;
		};
		FC7EA8B72ADE199C0072BB8F /* Release */ = {
			isa = XCBuildConfiguration;
			buildSettings = {
				ALWAYS_EMBED_SWIFT_STANDARD_LIBRARIES = YES;
				ASSETCATALOG_COMPILER_APPICON_NAME = AppIcon;
				ASSETCATALOG_COMPILER_GLOBAL_ACCENT_COLOR_NAME = AccentColor;
				CODE_SIGN_STYLE = Automatic;
				CURRENT_PROJECT_VERSION = 1;
				DEVELOPMENT_ASSET_PATHS = "\"T Minus/Preview Content\"";
				DEVELOPMENT_TEAM = QCYB8YLNNQ;
				ENABLE_PREVIEWS = YES;
				GENERATE_INFOPLIST_FILE = YES;
				INFOPLIST_KEY_UIApplicationSceneManifest_Generation = YES;
				INFOPLIST_KEY_UIApplicationSupportsIndirectInputEvents = YES;
				INFOPLIST_KEY_UILaunchScreen_Generation = YES;
				INFOPLIST_KEY_UISupportedInterfaceOrientations_iPad = "UIInterfaceOrientationPortrait UIInterfaceOrientationPortraitUpsideDown UIInterfaceOrientationLandscapeLeft UIInterfaceOrientationLandscapeRight";
				INFOPLIST_KEY_UISupportedInterfaceOrientations_iPhone = "UIInterfaceOrientationPortrait UIInterfaceOrientationLandscapeLeft UIInterfaceOrientationLandscapeRight";
				LD_RUNPATH_SEARCH_PATHS = (
					"$(inherited)",
					"@executable_path/Frameworks",
				);
				MARKETING_VERSION = 1.0;
				PRODUCT_BUNDLE_IDENTIFIER = "com.dhawley.T-Minus";
				PRODUCT_NAME = "$(TARGET_NAME)";
				SWIFT_EMIT_LOC_STRINGS = YES;
				SWIFT_VERSION = 5.0;
				TARGETED_DEVICE_FAMILY = "1,2";
			};
			name = Release;
		};
		FC7EA8D22ADE23670072BB8F /* Debug */ = {
			isa = XCBuildConfiguration;
			buildSettings = {
				ASSETCATALOG_COMPILER_GLOBAL_ACCENT_COLOR_NAME = AccentColor;
				ASSETCATALOG_COMPILER_WIDGET_BACKGROUND_COLOR_NAME = WidgetBackground;
				CODE_SIGN_STYLE = Automatic;
				CURRENT_PROJECT_VERSION = 1;
				DEVELOPMENT_TEAM = QCYB8YLNNQ;
				GENERATE_INFOPLIST_FILE = YES;
				INFOPLIST_FILE = "T Minus Widget/Info.plist";
				INFOPLIST_KEY_CFBundleDisplayName = "T Minus Widget";
				INFOPLIST_KEY_NSHumanReadableCopyright = "";
				LD_RUNPATH_SEARCH_PATHS = (
					"$(inherited)",
					"@executable_path/Frameworks",
					"@executable_path/../../Frameworks",
				);
				MARKETING_VERSION = 1.0;
				PRODUCT_BUNDLE_IDENTIFIER = "com.dhawley.T-Minus.T-Minus-Widget";
				PRODUCT_NAME = "$(TARGET_NAME)";
				SKIP_INSTALL = YES;
				SWIFT_EMIT_LOC_STRINGS = YES;
				SWIFT_VERSION = 5.0;
				TARGETED_DEVICE_FAMILY = "1,2";
			};
			name = Debug;
		};
		FC7EA8D32ADE23670072BB8F /* Release */ = {
			isa = XCBuildConfiguration;
			buildSettings = {
				ASSETCATALOG_COMPILER_GLOBAL_ACCENT_COLOR_NAME = AccentColor;
				ASSETCATALOG_COMPILER_WIDGET_BACKGROUND_COLOR_NAME = WidgetBackground;
				CODE_SIGN_STYLE = Automatic;
				CURRENT_PROJECT_VERSION = 1;
				DEVELOPMENT_TEAM = QCYB8YLNNQ;
				GENERATE_INFOPLIST_FILE = YES;
				INFOPLIST_FILE = "T Minus Widget/Info.plist";
				INFOPLIST_KEY_CFBundleDisplayName = "T Minus Widget";
				INFOPLIST_KEY_NSHumanReadableCopyright = "";
				LD_RUNPATH_SEARCH_PATHS = (
					"$(inherited)",
					"@executable_path/Frameworks",
					"@executable_path/../../Frameworks",
				);
				MARKETING_VERSION = 1.0;
				PRODUCT_BUNDLE_IDENTIFIER = "com.dhawley.T-Minus.T-Minus-Widget";
				PRODUCT_NAME = "$(TARGET_NAME)";
				SKIP_INSTALL = YES;
				SWIFT_EMIT_LOC_STRINGS = YES;
				SWIFT_VERSION = 5.0;
				TARGETED_DEVICE_FAMILY = "1,2";
			};
			name = Release;
		};
/* End XCBuildConfiguration section */

/* Begin XCConfigurationList section */
		FC7EA8A22ADE19990072BB8F /* Build configuration list for PBXProject "T Minus" */ = {
			isa = XCConfigurationList;
			buildConfigurations = (
				FC7EA8B32ADE199C0072BB8F /* Debug */,
				FC7EA8B42ADE199C0072BB8F /* Release */,
			);
			defaultConfigurationIsVisible = 0;
			defaultConfigurationName = Release;
		};
		FC7EA8B52ADE199C0072BB8F /* Build configuration list for PBXNativeTarget "T Minus" */ = {
			isa = XCConfigurationList;
			buildConfigurations = (
				FC7EA8B62ADE199C0072BB8F /* Debug */,
				FC7EA8B72ADE199C0072BB8F /* Release */,
			);
			defaultConfigurationIsVisible = 0;
			defaultConfigurationName = Release;
		};
		FC7EA8D12ADE23670072BB8F /* Build configuration list for PBXNativeTarget "T Minus Widget" */ = {
			isa = XCConfigurationList;
			buildConfigurations = (
				FC7EA8D22ADE23670072BB8F /* Debug */,
				FC7EA8D32ADE23670072BB8F /* Release */,
			);
			defaultConfigurationIsVisible = 0;
			defaultConfigurationName = Release;
		};
/* End XCConfigurationList section */
	};
	rootObject = FC7EA89F2ADE19990072BB8F /* Project object */;
}
